
Microsoft Visual Studio Solution File, Format Version 12.00
# Visual Studio Version 17
VisualStudioVersion = 17.0.31903.59
MinimumVisualStudioVersion = 10.0.40219.1
Project("{FAE04EC0-301F-11D3-BF4B-00C04F79EFBC}") = "AdventOfCode", "AdventOfCode\AdventOfCode.csproj", "{6A418A4C-2791-49AA-B701-813A3FC2A5CD}"
EndProject
Global
	GlobalSection(SolutionConfigurationPlatforms) = preSolution
		Debug|Any CPU = Debug|Any CPU
		Release|Any CPU = Release|Any CPU
	EndGlobalSection
	GlobalSection(SolutionProperties) = preSolution
		HideSolutionNode = FALSE
	EndGlobalSection
	GlobalSection(ProjectConfigurationPlatforms) = postSolution
		{6A418A4C-2791-49AA-B701-813A3FC2A5CD}.Debug|Any CPU.ActiveCfg = Debug|Any CPU
		{6A418A4C-2791-49AA-B701-813A3FC2A5CD}.Debug|Any CPU.Build.0 = Debug|Any CPU
		{6A418A4C-2791-49AA-B701-813A3FC2A5CD}.Release|Any CPU.ActiveCfg = Release|Any CPU
		{6A418A4C-2791-49AA-B701-813A3FC2A5CD}.Release|Any CPU.Build.0 = Release|Any CPU
	EndGlobalSection
EndGlobal
